// !$*UTF8*$!
{
	archiveVersion = 1;
	classes = {
	};
	objectVersion = 56;
	objects = {

/* Begin PBXBuildFile section */
		990B5C8D2D2C0C7C00F2963F /* PovioKitSwiftUI in Frameworks */ = {isa = PBXBuildFile; productRef = 990B5C8C2D2C0C7C00F2963F /* PovioKitSwiftUI */; };
		990B5C8F2D2C0CED00F2963F /* PhotoPickerComponent.swift in Sources */ = {isa = PBXBuildFile; fileRef = 990B5C8E2D2C0CED00F2963F /* PhotoPickerComponent.swift */; };
		998E6EF7297E82F700D33909 /* StorybookApp.swift in Sources */ = {isa = PBXBuildFile; fileRef = 998E6EF6297E82F700D33909 /* StorybookApp.swift */; };
		998E6EF9297E82F700D33909 /* ContentView.swift in Sources */ = {isa = PBXBuildFile; fileRef = 998E6EF8297E82F700D33909 /* ContentView.swift */; };
		998E6EFB297E82F800D33909 /* Assets.xcassets in Resources */ = {isa = PBXBuildFile; fileRef = 998E6EFA297E82F800D33909 /* Assets.xcassets */; };
		998E6EFF297E82F800D33909 /* Preview Assets.xcassets in Resources */ = {isa = PBXBuildFile; fileRef = 998E6EFE297E82F800D33909 /* Preview Assets.xcassets */; };
		998E6F08297E8AE000D33909 /* Component.swift in Sources */ = {isa = PBXBuildFile; fileRef = 998E6F07297E8AE000D33909 /* Component.swift */; };
		999EF5532D6E02F500F280E8 /* AnimatedImageComponent.swift in Sources */ = {isa = PBXBuildFile; fileRef = 999EF5522D6E02F500F280E8 /* AnimatedImageComponent.swift */; };
		999EF7C42D6E041600F280E8 /* Kingfisher in Frameworks */ = {isa = PBXBuildFile; productRef = 999EF7C32D6E041600F280E8 /* Kingfisher */; };
/* End PBXBuildFile section */

/* Begin PBXFileReference section */
		990B5C8E2D2C0CED00F2963F /* PhotoPickerComponent.swift */ = {isa = PBXFileReference; lastKnownFileType = sourcecode.swift; path = PhotoPickerComponent.swift; sourceTree = "<group>"; };
		990C1776297E9D54005EC7B7 /* PovioKit */ = {isa = PBXFileReference; lastKnownFileType = wrapper; name = PovioKit; path = ../..; sourceTree = "<group>"; };
		998E6EF3297E82F700D33909 /* Storybook.app */ = {isa = PBXFileReference; explicitFileType = wrapper.application; includeInIndex = 0; path = Storybook.app; sourceTree = BUILT_PRODUCTS_DIR; };
		998E6EF6297E82F700D33909 /* StorybookApp.swift */ = {isa = PBXFileReference; lastKnownFileType = sourcecode.swift; path = StorybookApp.swift; sourceTree = "<group>"; };
		998E6EF8297E82F700D33909 /* ContentView.swift */ = {isa = PBXFileReference; lastKnownFileType = sourcecode.swift; path = ContentView.swift; sourceTree = "<group>"; };
		998E6EFA297E82F800D33909 /* Assets.xcassets */ = {isa = PBXFileReference; lastKnownFileType = folder.assetcatalog; path = Assets.xcassets; sourceTree = "<group>"; };
		998E6EFC297E82F800D33909 /* Storybook.entitlements */ = {isa = PBXFileReference; lastKnownFileType = text.plist.entitlements; path = Storybook.entitlements; sourceTree = "<group>"; };
		998E6EFE297E82F800D33909 /* Preview Assets.xcassets */ = {isa = PBXFileReference; lastKnownFileType = folder.assetcatalog; path = "Preview Assets.xcassets"; sourceTree = "<group>"; };
		998E6F07297E8AE000D33909 /* Component.swift */ = {isa = PBXFileReference; lastKnownFileType = sourcecode.swift; path = Component.swift; sourceTree = "<group>"; };
		999EF5522D6E02F500F280E8 /* AnimatedImageComponent.swift */ = {isa = PBXFileReference; lastKnownFileType = sourcecode.swift; path = AnimatedImageComponent.swift; sourceTree = "<group>"; };
/* End PBXFileReference section */

/* Begin PBXFrameworksBuildPhase section */
		998E6EF0297E82F700D33909 /* Frameworks */ = {
			isa = PBXFrameworksBuildPhase;
			buildActionMask = 2147483647;
			files = (
				999EF7C42D6E041600F280E8 /* Kingfisher in Frameworks */,
				990B5C8D2D2C0C7C00F2963F /* PovioKitSwiftUI in Frameworks */,
			);
			runOnlyForDeploymentPostprocessing = 0;
		};
/* End PBXFrameworksBuildPhase section */

/* Begin PBXGroup section */
		990C1775297E9D54005EC7B7 /* Packages */ = {
			isa = PBXGroup;
			children = (
				990C1776297E9D54005EC7B7 /* PovioKit */,
			);
			name = Packages;
			sourceTree = "<group>";
		};
		990C1777297E9D96005EC7B7 /* Frameworks */ = {
			isa = PBXGroup;
			children = (
			);
			name = Frameworks;
			sourceTree = "<group>";
		};
		998E6EEA297E82F700D33909 = {
			isa = PBXGroup;
			children = (
				990C1775297E9D54005EC7B7 /* Packages */,
				998E6EF5297E82F700D33909 /* Storybook */,
				998E6EF4297E82F700D33909 /* Products */,
				990C1777297E9D96005EC7B7 /* Frameworks */,
			);
			sourceTree = "<group>";
		};
		998E6EF4297E82F700D33909 /* Products */ = {
			isa = PBXGroup;
			children = (
				998E6EF3297E82F700D33909 /* Storybook.app */,
			);
			name = Products;
			sourceTree = "<group>";
		};
		998E6EF5297E82F700D33909 /* Storybook */ = {
			isa = PBXGroup;
			children = (
				998E6F0B297E936D00D33909 /* Components */,
				998E6EF6297E82F700D33909 /* StorybookApp.swift */,
				998E6EF8297E82F700D33909 /* ContentView.swift */,
				998E6F07297E8AE000D33909 /* Component.swift */,
				998E6EFA297E82F800D33909 /* Assets.xcassets */,
				998E6EFC297E82F800D33909 /* Storybook.entitlements */,
				998E6EFD297E82F800D33909 /* Preview Content */,
			);
			path = Storybook;
			sourceTree = "<group>";
		};
		998E6EFD297E82F800D33909 /* Preview Content */ = {
			isa = PBXGroup;
			children = (
				998E6EFE297E82F800D33909 /* Preview Assets.xcassets */,
			);
			path = "Preview Content";
			sourceTree = "<group>";
		};
		998E6F0B297E936D00D33909 /* Components */ = {
			isa = PBXGroup;
			children = (
				990B5C8E2D2C0CED00F2963F /* PhotoPickerComponent.swift */,
				999EF5522D6E02F500F280E8 /* AnimatedImageComponent.swift */,
			);
			path = Components;
			sourceTree = "<group>";
		};
/* End PBXGroup section */

/* Begin PBXNativeTarget section */
		998E6EF2297E82F700D33909 /* Storybook */ = {
			isa = PBXNativeTarget;
			buildConfigurationList = 998E6F02297E82F800D33909 /* Build configuration list for PBXNativeTarget "Storybook" */;
			buildPhases = (
				998E6EEF297E82F700D33909 /* Sources */,
				998E6EF0297E82F700D33909 /* Frameworks */,
				998E6EF1297E82F700D33909 /* Resources */,
			);
			buildRules = (
			);
			dependencies = (
			);
			name = Storybook;
			packageProductDependencies = (
				990B5C8C2D2C0C7C00F2963F /* PovioKitSwiftUI */,
				999EF7C32D6E041600F280E8 /* Kingfisher */,
			);
			productName = Storybook;
			productReference = 998E6EF3297E82F700D33909 /* Storybook.app */;
			productType = "com.apple.product-type.application";
		};
/* End PBXNativeTarget section */

/* Begin PBXProject section */
		998E6EEB297E82F700D33909 /* Project object */ = {
			isa = PBXProject;
			attributes = {
				BuildIndependentTargetsInParallel = 1;
				LastSwiftUpdateCheck = 1420;
				LastUpgradeCheck = 1620;
				TargetAttributes = {
					998E6EF2297E82F700D33909 = {
						CreatedOnToolsVersion = 14.2;
					};
				};
			};
			buildConfigurationList = 998E6EEE297E82F700D33909 /* Build configuration list for PBXProject "Storybook" */;
			compatibilityVersion = "Xcode 14.0";
			developmentRegion = en;
			hasScannedForEncodings = 0;
			knownRegions = (
				en,
				Base,
			);
			mainGroup = 998E6EEA297E82F700D33909;
			packageReferences = (
				999EF7C22D6E041600F280E8 /* XCRemoteSwiftPackageReference "Kingfisher" */,
			);
			productRefGroup = 998E6EF4297E82F700D33909 /* Products */;
			projectDirPath = "";
			projectRoot = "";
			targets = (
				998E6EF2297E82F700D33909 /* Storybook */,
			);
		};
/* End PBXProject section */

/* Begin PBXResourcesBuildPhase section */
		998E6EF1297E82F700D33909 /* Resources */ = {
			isa = PBXResourcesBuildPhase;
			buildActionMask = 2147483647;
			files = (
				998E6EFF297E82F800D33909 /* Preview Assets.xcassets in Resources */,
				998E6EFB297E82F800D33909 /* Assets.xcassets in Resources */,
			);
			runOnlyForDeploymentPostprocessing = 0;
		};
/* End PBXResourcesBuildPhase section */

/* Begin PBXSourcesBuildPhase section */
		998E6EEF297E82F700D33909 /* Sources */ = {
			isa = PBXSourcesBuildPhase;
			buildActionMask = 2147483647;
			files = (
				998E6EF9297E82F700D33909 /* ContentView.swift in Sources */,
				990B5C8F2D2C0CED00F2963F /* PhotoPickerComponent.swift in Sources */,
				999EF5532D6E02F500F280E8 /* AnimatedImageComponent.swift in Sources */,
				998E6F08297E8AE000D33909 /* Component.swift in Sources */,
				998E6EF7297E82F700D33909 /* StorybookApp.swift in Sources */,
			);
			runOnlyForDeploymentPostprocessing = 0;
		};
/* End PBXSourcesBuildPhase section */

/* Begin XCBuildConfiguration section */
		998E6F00297E82F800D33909 /* Debug */ = {
			isa = XCBuildConfiguration;
			buildSettings = {
				ALWAYS_SEARCH_USER_PATHS = NO;
				ASSETCATALOG_COMPILER_GENERATE_SWIFT_ASSET_SYMBOL_EXTENSIONS = YES;
				CLANG_ANALYZER_NONNULL = YES;
				CLANG_ANALYZER_NUMBER_OBJECT_CONVERSION = YES_AGGRESSIVE;
				CLANG_CXX_LANGUAGE_STANDARD = "gnu++20";
				CLANG_ENABLE_MODULES = YES;
				CLANG_ENABLE_OBJC_ARC = YES;
				CLANG_ENABLE_OBJC_WEAK = YES;
				CLANG_WARN_BLOCK_CAPTURE_AUTORELEASING = YES;
				CLANG_WARN_BOOL_CONVERSION = YES;
				CLANG_WARN_COMMA = YES;
				CLANG_WARN_CONSTANT_CONVERSION = YES;
				CLANG_WARN_DEPRECATED_OBJC_IMPLEMENTATIONS = YES;
				CLANG_WARN_DIRECT_OBJC_ISA_USAGE = YES_ERROR;
				CLANG_WARN_DOCUMENTATION_COMMENTS = YES;
				CLANG_WARN_EMPTY_BODY = YES;
				CLANG_WARN_ENUM_CONVERSION = YES;
				CLANG_WARN_INFINITE_RECURSION = YES;
				CLANG_WARN_INT_CONVERSION = YES;
				CLANG_WARN_NON_LITERAL_NULL_CONVERSION = YES;
				CLANG_WARN_OBJC_IMPLICIT_RETAIN_SELF = YES;
				CLANG_WARN_OBJC_LITERAL_CONVERSION = YES;
				CLANG_WARN_OBJC_ROOT_CLASS = YES_ERROR;
				CLANG_WARN_QUOTED_INCLUDE_IN_FRAMEWORK_HEADER = YES;
				CLANG_WARN_RANGE_LOOP_ANALYSIS = YES;
				CLANG_WARN_STRICT_PROTOTYPES = YES;
				CLANG_WARN_SUSPICIOUS_MOVE = YES;
				CLANG_WARN_UNGUARDED_AVAILABILITY = YES_AGGRESSIVE;
				CLANG_WARN_UNREACHABLE_CODE = YES;
				CLANG_WARN__DUPLICATE_METHOD_MATCH = YES;
				COPY_PHASE_STRIP = NO;
				DEAD_CODE_STRIPPING = YES;
				DEBUG_INFORMATION_FORMAT = dwarf;
				ENABLE_STRICT_OBJC_MSGSEND = YES;
				ENABLE_TESTABILITY = YES;
				ENABLE_USER_SCRIPT_SANDBOXING = YES;
				GCC_C_LANGUAGE_STANDARD = gnu11;
				GCC_DYNAMIC_NO_PIC = NO;
				GCC_NO_COMMON_BLOCKS = YES;
				GCC_OPTIMIZATION_LEVEL = 0;
				GCC_PREPROCESSOR_DEFINITIONS = (
					"DEBUG=1",
					"$(inherited)",
				);
				GCC_WARN_64_TO_32_BIT_CONVERSION = YES;
				GCC_WARN_ABOUT_RETURN_TYPE = YES_ERROR;
				GCC_WARN_UNDECLARED_SELECTOR = YES;
				GCC_WARN_UNINITIALIZED_AUTOS = YES_AGGRESSIVE;
				GCC_WARN_UNUSED_FUNCTION = YES;
				GCC_WARN_UNUSED_VARIABLE = YES;
				MTL_ENABLE_DEBUG_INFO = INCLUDE_SOURCE;
				MTL_FAST_MATH = YES;
				ONLY_ACTIVE_ARCH = YES;
				SWIFT_ACTIVE_COMPILATION_CONDITIONS = DEBUG;
				SWIFT_OPTIMIZATION_LEVEL = "-Onone";
			};
			name = Debug;
		};
		998E6F01297E82F800D33909 /* Release */ = {
			isa = XCBuildConfiguration;
			buildSettings = {
				ALWAYS_SEARCH_USER_PATHS = NO;
				ASSETCATALOG_COMPILER_GENERATE_SWIFT_ASSET_SYMBOL_EXTENSIONS = YES;
				CLANG_ANALYZER_NONNULL = YES;
				CLANG_ANALYZER_NUMBER_OBJECT_CONVERSION = YES_AGGRESSIVE;
				CLANG_CXX_LANGUAGE_STANDARD = "gnu++20";
				CLANG_ENABLE_MODULES = YES;
				CLANG_ENABLE_OBJC_ARC = YES;
				CLANG_ENABLE_OBJC_WEAK = YES;
				CLANG_WARN_BLOCK_CAPTURE_AUTORELEASING = YES;
				CLANG_WARN_BOOL_CONVERSION = YES;
				CLANG_WARN_COMMA = YES;
				CLANG_WARN_CONSTANT_CONVERSION = YES;
				CLANG_WARN_DEPRECATED_OBJC_IMPLEMENTATIONS = YES;
				CLANG_WARN_DIRECT_OBJC_ISA_USAGE = YES_ERROR;
				CLANG_WARN_DOCUMENTATION_COMMENTS = YES;
				CLANG_WARN_EMPTY_BODY = YES;
				CLANG_WARN_ENUM_CONVERSION = YES;
				CLANG_WARN_INFINITE_RECURSION = YES;
				CLANG_WARN_INT_CONVERSION = YES;
				CLANG_WARN_NON_LITERAL_NULL_CONVERSION = YES;
				CLANG_WARN_OBJC_IMPLICIT_RETAIN_SELF = YES;
				CLANG_WARN_OBJC_LITERAL_CONVERSION = YES;
				CLANG_WARN_OBJC_ROOT_CLASS = YES_ERROR;
				CLANG_WARN_QUOTED_INCLUDE_IN_FRAMEWORK_HEADER = YES;
				CLANG_WARN_RANGE_LOOP_ANALYSIS = YES;
				CLANG_WARN_STRICT_PROTOTYPES = YES;
				CLANG_WARN_SUSPICIOUS_MOVE = YES;
				CLANG_WARN_UNGUARDED_AVAILABILITY = YES_AGGRESSIVE;
				CLANG_WARN_UNREACHABLE_CODE = YES;
				CLANG_WARN__DUPLICATE_METHOD_MATCH = YES;
				COPY_PHASE_STRIP = NO;
				DEAD_CODE_STRIPPING = YES;
				DEBUG_INFORMATION_FORMAT = "dwarf-with-dsym";
				ENABLE_NS_ASSERTIONS = NO;
				ENABLE_STRICT_OBJC_MSGSEND = YES;
				ENABLE_USER_SCRIPT_SANDBOXING = YES;
				GCC_C_LANGUAGE_STANDARD = gnu11;
				GCC_NO_COMMON_BLOCKS = YES;
				GCC_WARN_64_TO_32_BIT_CONVERSION = YES;
				GCC_WARN_ABOUT_RETURN_TYPE = YES_ERROR;
				GCC_WARN_UNDECLARED_SELECTOR = YES;
				GCC_WARN_UNINITIALIZED_AUTOS = YES_AGGRESSIVE;
				GCC_WARN_UNUSED_FUNCTION = YES;
				GCC_WARN_UNUSED_VARIABLE = YES;
				MTL_ENABLE_DEBUG_INFO = NO;
				MTL_FAST_MATH = YES;
				SWIFT_COMPILATION_MODE = wholemodule;
				SWIFT_OPTIMIZATION_LEVEL = "-O";
			};
			name = Release;
		};
		998E6F03297E82F800D33909 /* Debug */ = {
			isa = XCBuildConfiguration;
			buildSettings = {
				ASSETCATALOG_COMPILER_APPICON_NAME = AppIcon;
				ASSETCATALOG_COMPILER_GLOBAL_ACCENT_COLOR_NAME = AccentColor;
				CODE_SIGN_ENTITLEMENTS = Storybook/Storybook.entitlements;
				CODE_SIGN_STYLE = Automatic;
				CURRENT_PROJECT_VERSION = 1;
				DEAD_CODE_STRIPPING = YES;
				DEVELOPMENT_ASSET_PATHS = "\"Storybook/Preview Content\"";
				DEVELOPMENT_TEAM = 7G58AP3AJX;
				ENABLE_HARDENED_RUNTIME = YES;
				ENABLE_PREVIEWS = YES;
				GENERATE_INFOPLIST_FILE = YES;
				"INFOPLIST_KEY_UIApplicationSceneManifest_Generation[sdk=iphoneos*]" = YES;
				"INFOPLIST_KEY_UIApplicationSceneManifest_Generation[sdk=iphonesimulator*]" = YES;
				"INFOPLIST_KEY_UIApplicationSupportsIndirectInputEvents[sdk=iphoneos*]" = YES;
				"INFOPLIST_KEY_UIApplicationSupportsIndirectInputEvents[sdk=iphonesimulator*]" = YES;
				"INFOPLIST_KEY_UILaunchScreen_Generation[sdk=iphoneos*]" = YES;
				"INFOPLIST_KEY_UILaunchScreen_Generation[sdk=iphonesimulator*]" = YES;
				"INFOPLIST_KEY_UIStatusBarStyle[sdk=iphoneos*]" = UIStatusBarStyleDefault;
				"INFOPLIST_KEY_UIStatusBarStyle[sdk=iphonesimulator*]" = UIStatusBarStyleDefault;
				INFOPLIST_KEY_UISupportedInterfaceOrientations_iPad = "UIInterfaceOrientationPortrait UIInterfaceOrientationPortraitUpsideDown UIInterfaceOrientationLandscapeLeft UIInterfaceOrientationLandscapeRight";
				INFOPLIST_KEY_UISupportedInterfaceOrientations_iPhone = "UIInterfaceOrientationPortrait UIInterfaceOrientationLandscapeLeft UIInterfaceOrientationLandscapeRight";
				IPHONEOS_DEPLOYMENT_TARGET = 16.2;
				LD_RUNPATH_SEARCH_PATHS = "@executable_path/Frameworks";
				"LD_RUNPATH_SEARCH_PATHS[sdk=macosx*]" = "@executable_path/../Frameworks";
				MACOSX_DEPLOYMENT_TARGET = 13.1;
				MARKETING_VERSION = 1.0;
				PRODUCT_BUNDLE_IDENTIFIER = com.povio.Storybook;
				PRODUCT_NAME = "$(TARGET_NAME)";
				SDKROOT = auto;
				SUPPORTED_PLATFORMS = "iphoneos iphonesimulator macosx";
				SWIFT_EMIT_LOC_STRINGS = YES;
				SWIFT_VERSION = 5.0;
				TARGETED_DEVICE_FAMILY = "1,2";
			};
			name = Debug;
		};
		998E6F04297E82F800D33909 /* Release */ = {
			isa = XCBuildConfiguration;
			buildSettings = {
				ASSETCATALOG_COMPILER_APPICON_NAME = AppIcon;
				ASSETCATALOG_COMPILER_GLOBAL_ACCENT_COLOR_NAME = AccentColor;
				CODE_SIGN_ENTITLEMENTS = Storybook/Storybook.entitlements;
				CODE_SIGN_STYLE = Automatic;
				CURRENT_PROJECT_VERSION = 1;
				DEAD_CODE_STRIPPING = YES;
				DEVELOPMENT_ASSET_PATHS = "\"Storybook/Preview Content\"";
				DEVELOPMENT_TEAM = 7G58AP3AJX;
				ENABLE_HARDENED_RUNTIME = YES;
				ENABLE_PREVIEWS = YES;
				GENERATE_INFOPLIST_FILE = YES;
				"INFOPLIST_KEY_UIApplicationSceneManifest_Generation[sdk=iphoneos*]" = YES;
				"INFOPLIST_KEY_UIApplicationSceneManifest_Generation[sdk=iphonesimulator*]" = YES;
				"INFOPLIST_KEY_UIApplicationSupportsIndirectInputEvents[sdk=iphoneos*]" = YES;
				"INFOPLIST_KEY_UIApplicationSupportsIndirectInputEvents[sdk=iphonesimulator*]" = YES;
				"INFOPLIST_KEY_UILaunchScreen_Generation[sdk=iphoneos*]" = YES;
				"INFOPLIST_KEY_UILaunchScreen_Generation[sdk=iphonesimulator*]" = YES;
				"INFOPLIST_KEY_UIStatusBarStyle[sdk=iphoneos*]" = UIStatusBarStyleDefault;
				"INFOPLIST_KEY_UIStatusBarStyle[sdk=iphonesimulator*]" = UIStatusBarStyleDefault;
				INFOPLIST_KEY_UISupportedInterfaceOrientations_iPad = "UIInterfaceOrientationPortrait UIInterfaceOrientationPortraitUpsideDown UIInterfaceOrientationLandscapeLeft UIInterfaceOrientationLandscapeRight";
				INFOPLIST_KEY_UISupportedInterfaceOrientations_iPhone = "UIInterfaceOrientationPortrait UIInterfaceOrientationLandscapeLeft UIInterfaceOrientationLandscapeRight";
				IPHONEOS_DEPLOYMENT_TARGET = 16.2;
				LD_RUNPATH_SEARCH_PATHS = "@executable_path/Frameworks";
				"LD_RUNPATH_SEARCH_PATHS[sdk=macosx*]" = "@executable_path/../Frameworks";
				MACOSX_DEPLOYMENT_TARGET = 13.1;
				MARKETING_VERSION = 1.0;
				PRODUCT_BUNDLE_IDENTIFIER = com.povio.Storybook;
				PRODUCT_NAME = "$(TARGET_NAME)";
				SDKROOT = auto;
				SUPPORTED_PLATFORMS = "iphoneos iphonesimulator macosx";
				SWIFT_EMIT_LOC_STRINGS = YES;
				SWIFT_VERSION = 5.0;
				TARGETED_DEVICE_FAMILY = "1,2";
			};
			name = Release;
		};
/* End XCBuildConfiguration section */

/* Begin XCConfigurationList section */
		998E6EEE297E82F700D33909 /* Build configuration list for PBXProject "Storybook" */ = {
			isa = XCConfigurationList;
			buildConfigurations = (
				998E6F00297E82F800D33909 /* Debug */,
				998E6F01297E82F800D33909 /* Release */,
			);
			defaultConfigurationIsVisible = 0;
			defaultConfigurationName = Release;
		};
		998E6F02297E82F800D33909 /* Build configuration list for PBXNativeTarget "Storybook" */ = {
			isa = XCConfigurationList;
			buildConfigurations = (
				998E6F03297E82F800D33909 /* Debug */,
				998E6F04297E82F800D33909 /* Release */,
			);
			defaultConfigurationIsVisible = 0;
			defaultConfigurationName = Release;
		};
/* End XCConfigurationList section */

/* Begin XCRemoteSwiftPackageReference section */
		999EF7C22D6E041600F280E8 /* XCRemoteSwiftPackageReference "Kingfisher" */ = {
			isa = XCRemoteSwiftPackageReference;
			repositoryURL = "https://github.com/onevcat/Kingfisher";
			requirement = {
				kind = upToNextMajorVersion;
				minimumVersion = 8.2.0;
			};
		};
/* End XCRemoteSwiftPackageReference section */

/* Begin XCSwiftPackageProductDependency section */
		990B5C8C2D2C0C7C00F2963F /* PovioKitSwiftUI */ = {
			isa = XCSwiftPackageProductDependency;
			productName = PovioKitSwiftUI;
		};
		999EF7C32D6E041600F280E8 /* Kingfisher */ = {
			isa = XCSwiftPackageProductDependency;
			package = 999EF7C22D6E041600F280E8 /* XCRemoteSwiftPackageReference "Kingfisher" */;
			productName = Kingfisher;
		};
/* End XCSwiftPackageProductDependency section */
	};
	rootObject = 998E6EEB297E82F700D33909 /* Project object */;
}
