PODS:
  - Alamofire (4.9.1)
  - PovioKit (0.3.0):
    - PovioKit/Extensions (= 0.3.0)
    - PovioKit/Utilities (= 0.3.0)
    - PovioKit/Views (= 0.3.0)
  - PovioKit/Extensions (0.3.0):
    - PovioKit/Extensions/Foundation (= 0.3.0)
    - PovioKit/Extensions/UIKit (= 0.3.0)
  - PovioKit/Extensions/Foundation (0.3.0)
  - PovioKit/Extensions/UIKit (0.3.0)
  - PovioKit/Utilities (0.3.0):
    - PovioKit/Utilities/AttributedStringBuilder (= 0.3.0)
    - PovioKit/Utilities/Broadcast (= 0.3.0)
    - PovioKit/Utilities/ColorInterpolator (= 0.3.0)
    - PovioKit/Utilities/DispatchTimer (= 0.3.0)
    - PovioKit/Utilities/Logger (= 0.3.0)
    - PovioKit/Utilities/PromiseKit (= 0.3.0)
    - PovioKit/Utilities/StartupService (= 0.3.0)
    - PovioKit/Utilities/Throttler (= 0.3.0)
  - PovioKit/Utilities/AttributedStringBuilder (0.3.0)
  - PovioKit/Utilities/Broadcast (0.3.0)
  - PovioKit/Utilities/ColorInterpolator (0.3.0)
  - PovioKit/Utilities/DispatchTimer (0.3.0)
  - PovioKit/Utilities/Logger (0.3.0)
  - PovioKit/Utilities/PromiseKit (0.3.0)
  - PovioKit/Utilities/StartupService (0.3.0)
  - PovioKit/Utilities/Throttler (0.3.0)
  - PovioKit/Views (0.3.0):
    - PovioKit/Views/GradientView (= 0.3.0)
  - PovioKit/Views/GradientView (0.3.0)

DEPENDENCIES:
  - Alamofire
  - PovioKit (from `../`)

SPEC REPOS:
  trunk:
    - Alamofire

EXTERNAL SOURCES:
  PovioKit:
    :path: "../"

SPEC CHECKSUMS:
  Alamofire: 85e8a02c69d6020a0d734f6054870d7ecb75cf18
  PovioKit: f8d615ac7341ea278034f76a736cd7672703f824

PODFILE CHECKSUM: 348ddaa41e6d4884bba8dae2524c2479884418fb

COCOAPODS: 1.8.4
