PODS:
  - Alamofire (5.3.0)
  - PovioKit (0.5.0):
    - PovioKit/Extensions (= 0.5.0)
    - PovioKit/Utilities (= 0.5.0)
    - PovioKit/Views (= 0.5.0)
  - PovioKit/Extensions (0.5.0):
    - PovioKit/Extensions/Foundation (= 0.5.0)
    - PovioKit/Extensions/MapKit (= 0.5.0)
    - PovioKit/Extensions/UIKit (= 0.5.0)
  - PovioKit/Extensions/Foundation (0.5.0)
  - PovioKit/Extensions/MapKit (0.5.0)
  - PovioKit/Extensions/UIKit (0.5.0)
  - PovioKit/Networking (0.5.0):
    - Alamofire (= 5.3.0)
    - PovioKit/Networking/AlamofireNetworkClient (= 0.5.0)
    - PovioKit/Networking/OAuthInterceptor (= 0.5.0)
    - PovioKit/Utilities/Logger
    - PovioKit/Utilities/PromiseKit
  - PovioKit/Networking/AlamofireNetworkClient (0.5.0):
    - Alamofire (= 5.3.0)
    - PovioKit/Utilities/Logger
    - PovioKit/Utilities/PromiseKit
  - PovioKit/Networking/OAuthInterceptor (0.5.0):
    - Alamofire (= 5.3.0)
    - PovioKit/Utilities/Logger
    - PovioKit/Utilities/PromiseKit
  - PovioKit/Utilities (0.5.0):
    - PovioKit/Utilities/AttributedStringBuilder (= 0.5.0)
    - PovioKit/Utilities/Broadcast (= 0.5.0)
    - PovioKit/Utilities/ColorInterpolator (= 0.5.0)
    - PovioKit/Utilities/DispatchTimer (= 0.5.0)
    - PovioKit/Utilities/ImageSource (= 0.5.0)
    - PovioKit/Utilities/Logger (= 0.5.0)
    - PovioKit/Utilities/PromiseKit (= 0.5.0)
    - PovioKit/Utilities/SignInWithApple (= 0.5.0)
    - PovioKit/Utilities/StartupService (= 0.5.0)
    - PovioKit/Utilities/Throttler (= 0.5.0)
  - PovioKit/Utilities/AttributedStringBuilder (0.5.0)
  - PovioKit/Utilities/Broadcast (0.5.0)
  - PovioKit/Utilities/ColorInterpolator (0.5.0)
  - PovioKit/Utilities/DispatchTimer (0.5.0)
  - PovioKit/Utilities/ImageSource (0.5.0)
  - PovioKit/Utilities/Logger (0.5.0)
  - PovioKit/Utilities/PromiseKit (0.5.0)
  - PovioKit/Utilities/SignInWithApple (0.5.0)
  - PovioKit/Utilities/StartupService (0.5.0)
  - PovioKit/Utilities/Throttler (0.5.0)
  - PovioKit/Views (0.5.0):
    - PovioKit/Views/GradientView (= 0.5.0)
    - PovioKit/Views/PaddingLabel (= 0.5.0)
  - PovioKit/Views/GradientView (0.5.0)
  - PovioKit/Views/PaddingLabel (0.5.0)

DEPENDENCIES:
  - PovioKit (from `../`)
  - PovioKit/Networking (from `../`)

SPEC REPOS:
  trunk:
    - Alamofire

EXTERNAL SOURCES:
  PovioKit:
    :path: "../"

SPEC CHECKSUMS:
  Alamofire: 2c792affbdc2f18016e08fdbcacd60aebe1ba593
  PovioKit: 2f978f5ae0b8733b3e9f415fb439a4db957e7d3f

PODFILE CHECKSUM: f8431f96a2bbfba7a7c54f82ffcdc4f3235daacd

COCOAPODS: 1.10.0
