// !$*UTF8*$!
{
	archiveVersion = 1;
	classes = {
	};
	objectVersion = 52;
	objects = {

/* Begin PBXBuildFile section */
		3716F8B126B2ABD200B19A77 /* PovioKit in Frameworks */ = {isa = PBXBuildFile; productRef = 3716F8B026B2ABD200B19A77 /* PovioKit */; };
		3716F8B326B2ABD200B19A77 /* PovioKitNetworking in Frameworks */ = {isa = PBXBuildFile; productRef = 3716F8B226B2ABD200B19A77 /* PovioKitNetworking */; };
		3716F8B526B2ABD200B19A77 /* PovioKitPromise in Frameworks */ = {isa = PBXBuildFile; productRef = 3716F8B426B2ABD200B19A77 /* PovioKitPromise */; };
		3716F8CE26B2C4AA00B19A77 /* SnapKit in Frameworks */ = {isa = PBXBuildFile; productRef = 3716F8CD26B2C4AA00B19A77 /* SnapKit */; };
		378164B726B2AB9C007ABF13 /* AppDelegate.swift in Sources */ = {isa = PBXBuildFile; fileRef = 378164B626B2AB9C007ABF13 /* AppDelegate.swift */; };
		378164BB26B2AB9C007ABF13 /* RootViewController.swift in Sources */ = {isa = PBXBuildFile; fileRef = 378164BA26B2AB9C007ABF13 /* RootViewController.swift */; };
		378164C026B2AB9E007ABF13 /* Assets.xcassets in Resources */ = {isa = PBXBuildFile; fileRef = 378164BF26B2AB9E007ABF13 /* Assets.xcassets */; };
		378164C326B2AB9E007ABF13 /* LaunchScreen.storyboard in Resources */ = {isa = PBXBuildFile; fileRef = 378164C126B2AB9E007ABF13 /* LaunchScreen.storyboard */; };
		AD553553280852C40043A4C4 /* StepViewController.swift in Sources */ = {isa = PBXBuildFile; fileRef = AD553552280852C40043A4C4 /* StepViewController.swift */; };
		AD553555280868A70043A4C4 /* ThirdStepViewController.swift in Sources */ = {isa = PBXBuildFile; fileRef = AD553554280868A70043A4C4 /* ThirdStepViewController.swift */; };
		AD553557280868DF0043A4C4 /* ThirdStepContentView.swift in Sources */ = {isa = PBXBuildFile; fileRef = AD553556280868DF0043A4C4 /* ThirdStepContentView.swift */; };
		AD73DA4B280D5E37002C8614 /* BottomSheetAnimators+Demo.swift in Sources */ = {isa = PBXBuildFile; fileRef = AD73DA4A280D5E37002C8614 /* BottomSheetAnimators+Demo.swift */; };
		AD7F55452808BD0400A3A58C /* BottomSheetViewController.swift in Sources */ = {isa = PBXBuildFile; fileRef = AD7F55442808BD0400A3A58C /* BottomSheetViewController.swift */; };
		ADA677DA2806FB0C00E243EC /* BottomSheetParentContentView.swift in Sources */ = {isa = PBXBuildFile; fileRef = ADA677D92806FB0C00E243EC /* BottomSheetParentContentView.swift */; };
		ADA677DD2806FCBF00E243EC /* FirstStepViewController.swift in Sources */ = {isa = PBXBuildFile; fileRef = ADA677DC2806FCBF00E243EC /* FirstStepViewController.swift */; };
		ADA677DF2806FD7B00E243EC /* FirstStepContentView.swift in Sources */ = {isa = PBXBuildFile; fileRef = ADA677DE2806FD7B00E243EC /* FirstStepContentView.swift */; };
		ADA677E12806FDA300E243EC /* SecondStepViewController.swift in Sources */ = {isa = PBXBuildFile; fileRef = ADA677E02806FDA300E243EC /* SecondStepViewController.swift */; };
		ADA677E32806FDB200E243EC /* SecondStepContentView.swift in Sources */ = {isa = PBXBuildFile; fileRef = ADA677E22806FDB200E243EC /* SecondStepContentView.swift */; };
/* End PBXBuildFile section */

/* Begin PBXFileReference section */
		378164B326B2AB9C007ABF13 /* Demo.app */ = {isa = PBXFileReference; explicitFileType = wrapper.application; includeInIndex = 0; path = Demo.app; sourceTree = BUILT_PRODUCTS_DIR; };
		378164B626B2AB9C007ABF13 /* AppDelegate.swift */ = {isa = PBXFileReference; lastKnownFileType = sourcecode.swift; path = AppDelegate.swift; sourceTree = "<group>"; };
		378164BA26B2AB9C007ABF13 /* RootViewController.swift */ = {isa = PBXFileReference; lastKnownFileType = sourcecode.swift; path = RootViewController.swift; sourceTree = "<group>"; };
		378164BF26B2AB9E007ABF13 /* Assets.xcassets */ = {isa = PBXFileReference; lastKnownFileType = folder.assetcatalog; path = Assets.xcassets; sourceTree = "<group>"; };
		378164C226B2AB9E007ABF13 /* Base */ = {isa = PBXFileReference; lastKnownFileType = file.storyboard; name = Base; path = Base.lproj/LaunchScreen.storyboard; sourceTree = "<group>"; };
		378164C426B2AB9E007ABF13 /* Info.plist */ = {isa = PBXFileReference; lastKnownFileType = text.plist.xml; path = Info.plist; sourceTree = "<group>"; };
		378164CA26B2ABA9007ABF13 /* PovioKit */ = {isa = PBXFileReference; lastKnownFileType = folder; name = PovioKit; path = ..; sourceTree = "<group>"; };
		AD553552280852C40043A4C4 /* StepViewController.swift */ = {isa = PBXFileReference; lastKnownFileType = sourcecode.swift; path = StepViewController.swift; sourceTree = "<group>"; };
		AD553554280868A70043A4C4 /* ThirdStepViewController.swift */ = {isa = PBXFileReference; lastKnownFileType = sourcecode.swift; path = ThirdStepViewController.swift; sourceTree = "<group>"; };
		AD553556280868DF0043A4C4 /* ThirdStepContentView.swift */ = {isa = PBXFileReference; lastKnownFileType = sourcecode.swift; path = ThirdStepContentView.swift; sourceTree = "<group>"; };
		AD73DA4A280D5E37002C8614 /* BottomSheetAnimators+Demo.swift */ = {isa = PBXFileReference; lastKnownFileType = sourcecode.swift; path = "BottomSheetAnimators+Demo.swift"; sourceTree = "<group>"; };
		AD7F55442808BD0400A3A58C /* BottomSheetViewController.swift */ = {isa = PBXFileReference; fileEncoding = 4; lastKnownFileType = sourcecode.swift; path = BottomSheetViewController.swift; sourceTree = "<group>"; };
		ADA677D92806FB0C00E243EC /* BottomSheetParentContentView.swift */ = {isa = PBXFileReference; lastKnownFileType = sourcecode.swift; path = BottomSheetParentContentView.swift; sourceTree = "<group>"; };
		ADA677DC2806FCBF00E243EC /* FirstStepViewController.swift */ = {isa = PBXFileReference; lastKnownFileType = sourcecode.swift; path = FirstStepViewController.swift; sourceTree = "<group>"; };
		ADA677DE2806FD7B00E243EC /* FirstStepContentView.swift */ = {isa = PBXFileReference; lastKnownFileType = sourcecode.swift; path = FirstStepContentView.swift; sourceTree = "<group>"; };
		ADA677E02806FDA300E243EC /* SecondStepViewController.swift */ = {isa = PBXFileReference; lastKnownFileType = sourcecode.swift; path = SecondStepViewController.swift; sourceTree = "<group>"; };
		ADA677E22806FDB200E243EC /* SecondStepContentView.swift */ = {isa = PBXFileReference; lastKnownFileType = sourcecode.swift; path = SecondStepContentView.swift; sourceTree = "<group>"; };
/* End PBXFileReference section */

/* Begin PBXFrameworksBuildPhase section */
		378164B026B2AB9C007ABF13 /* Frameworks */ = {
			isa = PBXFrameworksBuildPhase;
			buildActionMask = 2147483647;
			files = (
				3716F8B126B2ABD200B19A77 /* PovioKit in Frameworks */,
				3716F8CE26B2C4AA00B19A77 /* SnapKit in Frameworks */,
				3716F8B326B2ABD200B19A77 /* PovioKitNetworking in Frameworks */,
				3716F8B526B2ABD200B19A77 /* PovioKitPromise in Frameworks */,
			);
			runOnlyForDeploymentPostprocessing = 0;
		};
/* End PBXFrameworksBuildPhase section */

/* Begin PBXGroup section */
		3716F8AF26B2ABD200B19A77 /* Frameworks */ = {
			isa = PBXGroup;
			children = (
			);
			name = Frameworks;
			sourceTree = "<group>";
		};
		378164AA26B2AB9C007ABF13 = {
			isa = PBXGroup;
			children = (
				378164CA26B2ABA9007ABF13 /* PovioKit */,
				378164B526B2AB9C007ABF13 /* Demo */,
				378164B426B2AB9C007ABF13 /* Products */,
				3716F8AF26B2ABD200B19A77 /* Frameworks */,
			);
			sourceTree = "<group>";
		};
		378164B426B2AB9C007ABF13 /* Products */ = {
			isa = PBXGroup;
			children = (
				378164B326B2AB9C007ABF13 /* Demo.app */,
			);
			name = Products;
			sourceTree = "<group>";
		};
		378164B526B2AB9C007ABF13 /* Demo */ = {
			isa = PBXGroup;
			children = (
				378164B626B2AB9C007ABF13 /* AppDelegate.swift */,
				378164BF26B2AB9E007ABF13 /* Assets.xcassets */,
				378164C426B2AB9E007ABF13 /* Info.plist */,
				378164C126B2AB9E007ABF13 /* LaunchScreen.storyboard */,
				378164BA26B2AB9C007ABF13 /* RootViewController.swift */,
				ADA677D62806EDD600E243EC /* Wizard */,
			);
			path = Demo;
			sourceTree = "<group>";
		};
		ADA677D62806EDD600E243EC /* Wizard */ = {
			isa = PBXGroup;
			children = (
				ADA677DB2806FCB100E243EC /* Steps */,
				AD7F55442808BD0400A3A58C /* BottomSheetViewController.swift */,
				ADA677D92806FB0C00E243EC /* BottomSheetParentContentView.swift */,
				AD553552280852C40043A4C4 /* StepViewController.swift */,
				AD73DA4A280D5E37002C8614 /* BottomSheetAnimators+Demo.swift */,
			);
			path = Wizard;
			sourceTree = "<group>";
		};
		ADA677DB2806FCB100E243EC /* Steps */ = {
			isa = PBXGroup;
			children = (
				ADA677DC2806FCBF00E243EC /* FirstStepViewController.swift */,
				ADA677DE2806FD7B00E243EC /* FirstStepContentView.swift */,
				ADA677E02806FDA300E243EC /* SecondStepViewController.swift */,
				ADA677E22806FDB200E243EC /* SecondStepContentView.swift */,
				AD553554280868A70043A4C4 /* ThirdStepViewController.swift */,
				AD553556280868DF0043A4C4 /* ThirdStepContentView.swift */,
			);
			path = Steps;
			sourceTree = "<group>";
		};
/* End PBXGroup section */

/* Begin PBXNativeTarget section */
		378164B226B2AB9C007ABF13 /* Demo */ = {
			isa = PBXNativeTarget;
			buildConfigurationList = 378164C726B2AB9E007ABF13 /* Build configuration list for PBXNativeTarget "Demo" */;
			buildPhases = (
				378164AF26B2AB9C007ABF13 /* Sources */,
				378164B026B2AB9C007ABF13 /* Frameworks */,
				378164B126B2AB9C007ABF13 /* Resources */,
			);
			buildRules = (
			);
			dependencies = (
			);
			name = Demo;
			packageProductDependencies = (
				3716F8B026B2ABD200B19A77 /* PovioKit */,
				3716F8B226B2ABD200B19A77 /* PovioKitNetworking */,
				3716F8B426B2ABD200B19A77 /* PovioKitPromise */,
				3716F8CD26B2C4AA00B19A77 /* SnapKit */,
			);
			productName = Demo;
			productReference = 378164B326B2AB9C007ABF13 /* Demo.app */;
			productType = "com.apple.product-type.application";
		};
/* End PBXNativeTarget section */

/* Begin PBXProject section */
		378164AB26B2AB9C007ABF13 /* Project object */ = {
			isa = PBXProject;
			attributes = {
				LastSwiftUpdateCheck = 1250;
				LastUpgradeCheck = 1250;
				TargetAttributes = {
					378164B226B2AB9C007ABF13 = {
						CreatedOnToolsVersion = 12.5.1;
					};
				};
			};
			buildConfigurationList = 378164AE26B2AB9C007ABF13 /* Build configuration list for PBXProject "Demo" */;
			compatibilityVersion = "Xcode 9.3";
			developmentRegion = en;
			hasScannedForEncodings = 0;
			knownRegions = (
				en,
				Base,
			);
			mainGroup = 378164AA26B2AB9C007ABF13;
			packageReferences = (
				3716F8CC26B2C4AA00B19A77 /* XCRemoteSwiftPackageReference "SnapKit" */,
			);
			productRefGroup = 378164B426B2AB9C007ABF13 /* Products */;
			projectDirPath = "";
			projectRoot = "";
			targets = (
				378164B226B2AB9C007ABF13 /* Demo */,
			);
		};
/* End PBXProject section */

/* Begin PBXResourcesBuildPhase section */
		378164B126B2AB9C007ABF13 /* Resources */ = {
			isa = PBXResourcesBuildPhase;
			buildActionMask = 2147483647;
			files = (
				378164C326B2AB9E007ABF13 /* LaunchScreen.storyboard in Resources */,
				378164C026B2AB9E007ABF13 /* Assets.xcassets in Resources */,
			);
			runOnlyForDeploymentPostprocessing = 0;
		};
/* End PBXResourcesBuildPhase section */

/* Begin PBXSourcesBuildPhase section */
		378164AF26B2AB9C007ABF13 /* Sources */ = {
			isa = PBXSourcesBuildPhase;
			buildActionMask = 2147483647;
			files = (
				AD553553280852C40043A4C4 /* StepViewController.swift in Sources */,
				ADA677DD2806FCBF00E243EC /* FirstStepViewController.swift in Sources */,
				AD553555280868A70043A4C4 /* ThirdStepViewController.swift in Sources */,
				ADA677E12806FDA300E243EC /* SecondStepViewController.swift in Sources */,
				ADA677DF2806FD7B00E243EC /* FirstStepContentView.swift in Sources */,
				AD553557280868DF0043A4C4 /* ThirdStepContentView.swift in Sources */,
				AD73DA4B280D5E37002C8614 /* BottomSheetAnimators+Demo.swift in Sources */,
				AD7F55452808BD0400A3A58C /* BottomSheetViewController.swift in Sources */,
				ADA677E32806FDB200E243EC /* SecondStepContentView.swift in Sources */,
				ADA677DA2806FB0C00E243EC /* BottomSheetParentContentView.swift in Sources */,
				378164BB26B2AB9C007ABF13 /* RootViewController.swift in Sources */,
				378164B726B2AB9C007ABF13 /* AppDelegate.swift in Sources */,
			);
			runOnlyForDeploymentPostprocessing = 0;
		};
/* End PBXSourcesBuildPhase section */

/* Begin PBXVariantGroup section */
		378164C126B2AB9E007ABF13 /* LaunchScreen.storyboard */ = {
			isa = PBXVariantGroup;
			children = (
				378164C226B2AB9E007ABF13 /* Base */,
			);
			name = LaunchScreen.storyboard;
			sourceTree = "<group>";
		};
/* End PBXVariantGroup section */

/* Begin XCBuildConfiguration section */
		378164C526B2AB9E007ABF13 /* Debug */ = {
			isa = XCBuildConfiguration;
			buildSettings = {
				ALWAYS_SEARCH_USER_PATHS = NO;
				CLANG_ANALYZER_NONNULL = YES;
				CLANG_ANALYZER_NUMBER_OBJECT_CONVERSION = YES_AGGRESSIVE;
				CLANG_CXX_LANGUAGE_STANDARD = "gnu++14";
				CLANG_CXX_LIBRARY = "libc++";
				CLANG_ENABLE_MODULES = YES;
				CLANG_ENABLE_OBJC_ARC = YES;
				CLANG_ENABLE_OBJC_WEAK = YES;
				CLANG_WARN_BLOCK_CAPTURE_AUTORELEASING = YES;
				CLANG_WARN_BOOL_CONVERSION = YES;
				CLANG_WARN_COMMA = YES;
				CLANG_WARN_CONSTANT_CONVERSION = YES;
				CLANG_WARN_DEPRECATED_OBJC_IMPLEMENTATIONS = YES;
				CLANG_WARN_DIRECT_OBJC_ISA_USAGE = YES_ERROR;
				CLANG_WARN_DOCUMENTATION_COMMENTS = YES;
				CLANG_WARN_EMPTY_BODY = YES;
				CLANG_WARN_ENUM_CONVERSION = YES;
				CLANG_WARN_INFINITE_RECURSION = YES;
				CLANG_WARN_INT_CONVERSION = YES;
				CLANG_WARN_NON_LITERAL_NULL_CONVERSION = YES;
				CLANG_WARN_OBJC_IMPLICIT_RETAIN_SELF = YES;
				CLANG_WARN_OBJC_LITERAL_CONVERSION = YES;
				CLANG_WARN_OBJC_ROOT_CLASS = YES_ERROR;
				CLANG_WARN_QUOTED_INCLUDE_IN_FRAMEWORK_HEADER = YES;
				CLANG_WARN_RANGE_LOOP_ANALYSIS = YES;
				CLANG_WARN_STRICT_PROTOTYPES = YES;
				CLANG_WARN_SUSPICIOUS_MOVE = YES;
				CLANG_WARN_UNGUARDED_AVAILABILITY = YES_AGGRESSIVE;
				CLANG_WARN_UNREACHABLE_CODE = YES;
				CLANG_WARN__DUPLICATE_METHOD_MATCH = YES;
				COPY_PHASE_STRIP = NO;
				DEBUG_INFORMATION_FORMAT = dwarf;
				ENABLE_STRICT_OBJC_MSGSEND = YES;
				ENABLE_TESTABILITY = YES;
				GCC_C_LANGUAGE_STANDARD = gnu11;
				GCC_DYNAMIC_NO_PIC = NO;
				GCC_NO_COMMON_BLOCKS = YES;
				GCC_OPTIMIZATION_LEVEL = 0;
				GCC_PREPROCESSOR_DEFINITIONS = (
					"DEBUG=1",
					"$(inherited)",
				);
				GCC_WARN_64_TO_32_BIT_CONVERSION = YES;
				GCC_WARN_ABOUT_RETURN_TYPE = YES_ERROR;
				GCC_WARN_UNDECLARED_SELECTOR = YES;
				GCC_WARN_UNINITIALIZED_AUTOS = YES_AGGRESSIVE;
				GCC_WARN_UNUSED_FUNCTION = YES;
				GCC_WARN_UNUSED_VARIABLE = YES;
				IPHONEOS_DEPLOYMENT_TARGET = 14.5;
				MTL_ENABLE_DEBUG_INFO = INCLUDE_SOURCE;
				MTL_FAST_MATH = YES;
				ONLY_ACTIVE_ARCH = YES;
				SDKROOT = iphoneos;
				SWIFT_ACTIVE_COMPILATION_CONDITIONS = DEBUG;
				SWIFT_OPTIMIZATION_LEVEL = "-Onone";
			};
			name = Debug;
		};
		378164C626B2AB9E007ABF13 /* Release */ = {
			isa = XCBuildConfiguration;
			buildSettings = {
				ALWAYS_SEARCH_USER_PATHS = NO;
				CLANG_ANALYZER_NONNULL = YES;
				CLANG_ANALYZER_NUMBER_OBJECT_CONVERSION = YES_AGGRESSIVE;
				CLANG_CXX_LANGUAGE_STANDARD = "gnu++14";
				CLANG_CXX_LIBRARY = "libc++";
				CLANG_ENABLE_MODULES = YES;
				CLANG_ENABLE_OBJC_ARC = YES;
				CLANG_ENABLE_OBJC_WEAK = YES;
				CLANG_WARN_BLOCK_CAPTURE_AUTORELEASING = YES;
				CLANG_WARN_BOOL_CONVERSION = YES;
				CLANG_WARN_COMMA = YES;
				CLANG_WARN_CONSTANT_CONVERSION = YES;
				CLANG_WARN_DEPRECATED_OBJC_IMPLEMENTATIONS = YES;
				CLANG_WARN_DIRECT_OBJC_ISA_USAGE = YES_ERROR;
				CLANG_WARN_DOCUMENTATION_COMMENTS = YES;
				CLANG_WARN_EMPTY_BODY = YES;
				CLANG_WARN_ENUM_CONVERSION = YES;
				CLANG_WARN_INFINITE_RECURSION = YES;
				CLANG_WARN_INT_CONVERSION = YES;
				CLANG_WARN_NON_LITERAL_NULL_CONVERSION = YES;
				CLANG_WARN_OBJC_IMPLICIT_RETAIN_SELF = YES;
				CLANG_WARN_OBJC_LITERAL_CONVERSION = YES;
				CLANG_WARN_OBJC_ROOT_CLASS = YES_ERROR;
				CLANG_WARN_QUOTED_INCLUDE_IN_FRAMEWORK_HEADER = YES;
				CLANG_WARN_RANGE_LOOP_ANALYSIS = YES;
				CLANG_WARN_STRICT_PROTOTYPES = YES;
				CLANG_WARN_SUSPICIOUS_MOVE = YES;
				CLANG_WARN_UNGUARDED_AVAILABILITY = YES_AGGRESSIVE;
				CLANG_WARN_UNREACHABLE_CODE = YES;
				CLANG_WARN__DUPLICATE_METHOD_MATCH = YES;
				COPY_PHASE_STRIP = NO;
				DEBUG_INFORMATION_FORMAT = "dwarf-with-dsym";
				ENABLE_NS_ASSERTIONS = NO;
				ENABLE_STRICT_OBJC_MSGSEND = YES;
				GCC_C_LANGUAGE_STANDARD = gnu11;
				GCC_NO_COMMON_BLOCKS = YES;
				GCC_WARN_64_TO_32_BIT_CONVERSION = YES;
				GCC_WARN_ABOUT_RETURN_TYPE = YES_ERROR;
				GCC_WARN_UNDECLARED_SELECTOR = YES;
				GCC_WARN_UNINITIALIZED_AUTOS = YES_AGGRESSIVE;
				GCC_WARN_UNUSED_FUNCTION = YES;
				GCC_WARN_UNUSED_VARIABLE = YES;
				IPHONEOS_DEPLOYMENT_TARGET = 14.5;
				MTL_ENABLE_DEBUG_INFO = NO;
				MTL_FAST_MATH = YES;
				SDKROOT = iphoneos;
				SWIFT_COMPILATION_MODE = wholemodule;
				SWIFT_OPTIMIZATION_LEVEL = "-O";
				VALIDATE_PRODUCT = YES;
			};
			name = Release;
		};
		378164C826B2AB9E007ABF13 /* Debug */ = {
			isa = XCBuildConfiguration;
			buildSettings = {
				ASSETCATALOG_COMPILER_APPICON_NAME = AppIcon;
				ASSETCATALOG_COMPILER_GLOBAL_ACCENT_COLOR_NAME = AccentColor;
				CODE_SIGN_STYLE = Automatic;
				DEVELOPMENT_TEAM = 7G58AP3AJX;
				INFOPLIST_FILE = Demo/Info.plist;
				LD_RUNPATH_SEARCH_PATHS = (
					"$(inherited)",
					"@executable_path/Frameworks",
				);
				PRODUCT_BUNDLE_IDENTIFIER = poviolabs.Demo;
				PRODUCT_NAME = "$(TARGET_NAME)";
				SWIFT_VERSION = 5.0;
				TARGETED_DEVICE_FAMILY = "1,2";
			};
			name = Debug;
		};
		378164C926B2AB9E007ABF13 /* Release */ = {
			isa = XCBuildConfiguration;
			buildSettings = {
				ASSETCATALOG_COMPILER_APPICON_NAME = AppIcon;
				ASSETCATALOG_COMPILER_GLOBAL_ACCENT_COLOR_NAME = AccentColor;
				CODE_SIGN_STYLE = Automatic;
				DEVELOPMENT_TEAM = 7G58AP3AJX;
				INFOPLIST_FILE = Demo/Info.plist;
				LD_RUNPATH_SEARCH_PATHS = (
					"$(inherited)",
					"@executable_path/Frameworks",
				);
				PRODUCT_BUNDLE_IDENTIFIER = poviolabs.Demo;
				PRODUCT_NAME = "$(TARGET_NAME)";
				SWIFT_VERSION = 5.0;
				TARGETED_DEVICE_FAMILY = "1,2";
			};
			name = Release;
		};
/* End XCBuildConfiguration section */

/* Begin XCConfigurationList section */
		378164AE26B2AB9C007ABF13 /* Build configuration list for PBXProject "Demo" */ = {
			isa = XCConfigurationList;
			buildConfigurations = (
				378164C526B2AB9E007ABF13 /* Debug */,
				378164C626B2AB9E007ABF13 /* Release */,
			);
			defaultConfigurationIsVisible = 0;
			defaultConfigurationName = Release;
		};
		378164C726B2AB9E007ABF13 /* Build configuration list for PBXNativeTarget "Demo" */ = {
			isa = XCConfigurationList;
			buildConfigurations = (
				378164C826B2AB9E007ABF13 /* Debug */,
				378164C926B2AB9E007ABF13 /* Release */,
			);
			defaultConfigurationIsVisible = 0;
			defaultConfigurationName = Release;
		};
/* End XCConfigurationList section */

/* Begin XCRemoteSwiftPackageReference section */
		3716F8CC26B2C4AA00B19A77 /* XCRemoteSwiftPackageReference "SnapKit" */ = {
			isa = XCRemoteSwiftPackageReference;
			repositoryURL = "https://github.com/SnapKit/SnapKit.git";
			requirement = {
				kind = upToNextMajorVersion;
				minimumVersion = 5.0.1;
			};
		};
/* End XCRemoteSwiftPackageReference section */

/* Begin XCSwiftPackageProductDependency section */
		3716F8B026B2ABD200B19A77 /* PovioKit */ = {
			isa = XCSwiftPackageProductDependency;
			productName = PovioKit;
		};
		3716F8B226B2ABD200B19A77 /* PovioKitNetworking */ = {
			isa = XCSwiftPackageProductDependency;
			productName = PovioKitNetworking;
		};
		3716F8B426B2ABD200B19A77 /* PovioKitPromise */ = {
			isa = XCSwiftPackageProductDependency;
			productName = PovioKitPromise;
		};
		3716F8CD26B2C4AA00B19A77 /* SnapKit */ = {
			isa = XCSwiftPackageProductDependency;
			package = 3716F8CC26B2C4AA00B19A77 /* XCRemoteSwiftPackageReference "SnapKit" */;
			productName = SnapKit;
		};
/* End XCSwiftPackageProductDependency section */
	};
	rootObject = 378164AB26B2AB9C007ABF13 /* Project object */;
}
